
Microsoft Visual Studio Solution File, Format Version 12.00
# Visual Studio 14
VisualStudioVersion = 14.0.25123.0
MinimumVisualStudioVersion = 10.0.40219.1
Project("{FAE04EC0-301F-11D3-BF4B-00C04F79EFBC}") = "NerdDinnerTC", "NerdDinnerTC\NerdDinnerTC.csproj", "{421BE0C5-CC18-4B79-943C-5DA52931D9EF}"
EndProject
Project("{FAE04EC0-301F-11D3-BF4B-00C04F79EFBC}") = "NerdDinnerTC.Tests", "NerdDinnerTC.Tests\NerdDinnerTC.Tests.csproj", "{5DC569ED-8772-421C-8F1C-051BF00567D2}"
EndProject
Global
	GlobalSection(SolutionConfigurationPlatforms) = preSolution
		Debug|Any CPU = Debug|Any CPU
		Release|Any CPU = Release|Any CPU
	EndGlobalSection
	GlobalSection(ProjectConfigurationPlatforms) = postSolution
		{421BE0C5-CC18-4B79-943C-5DA52931D9EF}.Debug|Any CPU.ActiveCfg = Debug|Any CPU
		{421BE0C5-CC18-4B79-943C-5DA52931D9EF}.Debug|Any CPU.Build.0 = Debug|Any CPU
		{421BE0C5-CC18-4B79-943C-5DA52931D9EF}.Release|Any CPU.ActiveCfg = Release|Any CPU
		{421BE0C5-CC18-4B79-943C-5DA52931D9EF}.Release|Any CPU.Build.0 = Release|Any CPU
		{5DC569ED-8772-421C-8F1C-051BF00567D2}.Debug|Any CPU.ActiveCfg = Debug|Any CPU
		{5DC569ED-8772-421C-8F1C-051BF00567D2}.Debug|Any CPU.Build.0 = Debug|Any CPU
		{5DC569ED-8772-421C-8F1C-051BF00567D2}.Release|Any CPU.ActiveCfg = Release|Any CPU
		{5DC569ED-8772-421C-8F1C-051BF00567D2}.Release|Any CPU.Build.0 = Release|Any CPU
	EndGlobalSection
	GlobalSection(SolutionProperties) = preSolution
		HideSolutionNode = FALSE
	EndGlobalSection
EndGlobal
